
Microsoft Visual Studio Solution File, Format Version 12.00
# Visual Studio Version 16
VisualStudioVersion = 16.0.31424.327
MinimumVisualStudioVersion = 10.0.40219.1
Project("{FAE04EC0-301F-11D3-BF4B-00C04F79EFBC}") = "WorldBuilder.WebApp", "WorldBuilder.WebApp\WorldBuilder.WebApp.csproj", "{8E881312-2AF0-48F1-BCBC-883A72196E60}"
EndProject
Project("{FAE04EC0-301F-11D3-BF4B-00C04F79EFBC}") = "WorldBuilder.Core", "WorldBuilder.Core\WorldBuilder.Core.csproj", "{4738C040-C028-498D-A0A7-685CD7311262}"
EndProject
Project("{2150E333-8FDC-42A3-9474-1A3956D46DE8}") = "_Testing", "_Testing", "{BAB546A5-F2E5-4DAF-98C9-D7DCA35F0E11}"
EndProject
Project("{FAE04EC0-301F-11D3-BF4B-00C04F79EFBC}") = "CodeTesting", "CodeTesting\CodeTesting.csproj", "{F9C4C84B-92B7-433B-8EDD-746872FCC627}"
EndProject
Global
	GlobalSection(SolutionConfigurationPlatforms) = preSolution
		Debug|Any CPU = Debug|Any CPU
		Release|Any CPU = Release|Any CPU
	EndGlobalSection
	GlobalSection(ProjectConfigurationPlatforms) = postSolution
		{8E881312-2AF0-48F1-BCBC-883A72196E60}.Debug|Any CPU.ActiveCfg = Debug|Any CPU
		{8E881312-2AF0-48F1-BCBC-883A72196E60}.Debug|Any CPU.Build.0 = Debug|Any CPU
		{8E881312-2AF0-48F1-BCBC-883A72196E60}.Release|Any CPU.ActiveCfg = Release|Any CPU
		{8E881312-2AF0-48F1-BCBC-883A72196E60}.Release|Any CPU.Build.0 = Release|Any CPU
		{4738C040-C028-498D-A0A7-685CD7311262}.Debug|Any CPU.ActiveCfg = Debug|Any CPU
		{4738C040-C028-498D-A0A7-685CD7311262}.Debug|Any CPU.Build.0 = Debug|Any CPU
		{4738C040-C028-498D-A0A7-685CD7311262}.Release|Any CPU.ActiveCfg = Release|Any CPU
		{4738C040-C028-498D-A0A7-685CD7311262}.Release|Any CPU.Build.0 = Release|Any CPU
		{F9C4C84B-92B7-433B-8EDD-746872FCC627}.Debug|Any CPU.ActiveCfg = Debug|Any CPU
		{F9C4C84B-92B7-433B-8EDD-746872FCC627}.Debug|Any CPU.Build.0 = Debug|Any CPU
		{F9C4C84B-92B7-433B-8EDD-746872FCC627}.Release|Any CPU.ActiveCfg = Release|Any CPU
		{F9C4C84B-92B7-433B-8EDD-746872FCC627}.Release|Any CPU.Build.0 = Release|Any CPU
	EndGlobalSection
	GlobalSection(SolutionProperties) = preSolution
		HideSolutionNode = FALSE
	EndGlobalSection
	GlobalSection(NestedProjects) = preSolution
		{F9C4C84B-92B7-433B-8EDD-746872FCC627} = {BAB546A5-F2E5-4DAF-98C9-D7DCA35F0E11}
	EndGlobalSection
	GlobalSection(ExtensibilityGlobals) = postSolution
		SolutionGuid = {827C097F-1C36-4019-8DCD-11CF82EA54B2}
	EndGlobalSection
EndGlobal
